# This file was autogenerated by Stack.
# You should not edit this file by hand.
# For more information, please see the documentation at:
#   https://docs.haskellstack.org/en/stable/lock_files

packages:
- completed:
    hackage: curl-aeson-0.0.4@sha256:bef1581078e922f012ed5259d86481be2658bad00e9bc052f16a13604744af1a,1346
    pantry-tree:
      size: 220
      sha256: 7895d3314955e5a383c0e3664c7f58753783de18340ad7eae8122399fe7ee56f
  original:
    hackage: curl-aeson-0.0.4
- completed:
    hackage: mueval-0.9.3@sha256:9ecdbdc8f28ed7bc3f6f6cb5c2708e69f3b099db812bd2b8a51730915f7dab9e,2077
    pantry-tree:
      size: 740
      sha256: 23275f1644942f15e09fa774fa7036dfd219eaf8ea942bb5418208d649e5145c
  original:
    hackage: mueval-0.9.3
- completed:
    hackage: exceptions-0.10.2@sha256:de2be08eb73e1fb4115135c62f5d5f7ed9bdb9affff318687ac6cc0438b497f0,2360
    pantry-tree:
      size: 907
      sha256: fa7427f86f94b5e830b4ed027f7ea2a4f9651da2bf85db9bce3307b97fb7f351
  original:
    hackage: exceptions-0.10.2
- completed:
    hackage: show-0.6@sha256:073c283f62d56cab2a2de5455125c7fc2d55642bac4cf0e778ed6525226a44ec,903
    pantry-tree:
      size: 198
      sha256: 3b4495eda11d340bac942b24d34c43c8bfb757c3861e166f94cb1dec897f6042
  original:
    hackage: show-0.6
snapshots:
- completed:
    size: 523443
    url: https://raw.githubusercontent.com/commercialhaskell/stackage-snapshots/master/lts/14/0.yaml
    sha256: 283773e7120f5446d961eab35ea95c9af9c24187cc178537bd29273200a05171
  original: lts-14.0
